// !$*UTF8*$!
{
	archiveVersion = 1;
	classes = {
	};
	objectVersion = 48;
	objects = {

/* Begin PBXBuildFile section */
		6D2954A0215D02D2002B2ABE /* AppDelegate.m in Sources */ = {isa = PBXBuildFile; fileRef = 6D29549F215D02D2002B2ABE /* AppDelegate.m */; };
		6D2954A3215D02D2002B2ABE /* ViewController.m in Sources */ = {isa = PBXBuildFile; fileRef = 6D2954A2215D02D2002B2ABE /* ViewController.m */; };
		6D2954A6215D02D2002B2ABE /* Main.storyboard in Resources */ = {isa = PBXBuildFile; fileRef = 6D2954A4215D02D2002B2ABE /* Main.storyboard */; };
		6D2954A9215D02D2002B2ABE /* ObjCMsapps.xcdatamodeld in Sources */ = {isa = PBXBuildFile; fileRef = 6D2954A7215D02D2002B2ABE /* ObjCMsapps.xcdatamodeld */; };
		6D2954AB215D02D2002B2ABE /* Assets.xcassets in Resources */ = {isa = PBXBuildFile; fileRef = 6D2954AA215D02D2002B2ABE /* Assets.xcassets */; };
		6D2954AE215D02D2002B2ABE /* LaunchScreen.storyboard in Resources */ = {isa = PBXBuildFile; fileRef = 6D2954AC215D02D2002B2ABE /* LaunchScreen.storyboard */; };
		6D2954B1215D02D2002B2ABE /* main.m in Sources */ = {isa = PBXBuildFile; fileRef = 6D2954B0215D02D2002B2ABE /* main.m */; };
		6D2954BC215D1DC0002B2ABE /* Movie.m in Sources */ = {isa = PBXBuildFile; fileRef = 6D2954BB215D1DC0002B2ABE /* Movie.m */; };
		6D2954CC215D433F002B2ABE /* MovieListViewController.m in Sources */ = {isa = PBXBuildFile; fileRef = 6D2954CB215D433F002B2ABE /* MovieListViewController.m */; };
		6D2954CF215DA20C002B2ABE /* MovieCellTableViewCell.m in Sources */ = {isa = PBXBuildFile; fileRef = 6D2954CE215DA20C002B2ABE /* MovieCellTableViewCell.m */; };
		A1FC1A08CEBA236F7BFB7385 /* Pods_ObjCMsapps.framework in Frameworks */ = {isa = PBXBuildFile; fileRef = 3C1182197F10179EA99359F3 /* Pods_ObjCMsapps.framework */; };
/* End PBXBuildFile section */

/* Begin PBXFileReference section */
		1BB33D6B5FDC0421FDD41D72 /* Pods-ObjCMsapps.debug.xcconfig */ = {isa = PBXFileReference; includeInIndex = 1; lastKnownFileType = text.xcconfig; name = "Pods-ObjCMsapps.debug.xcconfig"; path = "Pods/Target Support Files/Pods-ObjCMsapps/Pods-ObjCMsapps.debug.xcconfig"; sourceTree = "<group>"; };
		33CE44E8BCD45DE8896366C6 /* Pods-ObjCMsapps.release.xcconfig */ = {isa = PBXFileReference; includeInIndex = 1; lastKnownFileType = text.xcconfig; name = "Pods-ObjCMsapps.release.xcconfig"; path = "Pods/Target Support Files/Pods-ObjCMsapps/Pods-ObjCMsapps.release.xcconfig"; sourceTree = "<group>"; };
		3C1182197F10179EA99359F3 /* Pods_ObjCMsapps.framework */ = {isa = PBXFileReference; explicitFileType = wrapper.framework; includeInIndex = 0; path = Pods_ObjCMsapps.framework; sourceTree = BUILT_PRODUCTS_DIR; };
		6D29549B215D02D2002B2ABE /* ObjCMsapps.app */ = {isa = PBXFileReference; explicitFileType = wrapper.application; includeInIndex = 0; path = ObjCMsapps.app; sourceTree = BUILT_PRODUCTS_DIR; };
		6D29549E215D02D2002B2ABE /* AppDelegate.h */ = {isa = PBXFileReference; lastKnownFileType = sourcecode.c.h; path = AppDelegate.h; sourceTree = "<group>"; };
		6D29549F215D02D2002B2ABE /* AppDelegate.m */ = {isa = PBXFileReference; lastKnownFileType = sourcecode.c.objc; path = AppDelegate.m; sourceTree = "<group>"; };
		6D2954A1215D02D2002B2ABE /* ViewController.h */ = {isa = PBXFileReference; lastKnownFileType = sourcecode.c.h; path = ViewController.h; sourceTree = "<group>"; };
		6D2954A2215D02D2002B2ABE /* ViewController.m */ = {isa = PBXFileReference; lastKnownFileType = sourcecode.c.objc; path = ViewController.m; sourceTree = "<group>"; };
		6D2954A5215D02D2002B2ABE /* Base */ = {isa = PBXFileReference; lastKnownFileType = file.storyboard; name = Base; path = Base.lproj/Main.storyboard; sourceTree = "<group>"; };
		6D2954A8215D02D2002B2ABE /* ObjCMsapps.xcdatamodel */ = {isa = PBXFileReference; lastKnownFileType = wrapper.xcdatamodel; path = ObjCMsapps.xcdatamodel; sourceTree = "<group>"; };
		6D2954AA215D02D2002B2ABE /* Assets.xcassets */ = {isa = PBXFileReference; lastKnownFileType = folder.assetcatalog; path = Assets.xcassets; sourceTree = "<group>"; };
		6D2954AD215D02D2002B2ABE /* Base */ = {isa = PBXFileReference; lastKnownFileType = file.storyboard; name = Base; path = Base.lproj/LaunchScreen.storyboard; sourceTree = "<group>"; };
		6D2954AF215D02D2002B2ABE /* Info.plist */ = {isa = PBXFileReference; lastKnownFileType = text.plist.xml; path = Info.plist; sourceTree = "<group>"; };
		6D2954B0215D02D2002B2ABE /* main.m */ = {isa = PBXFileReference; lastKnownFileType = sourcecode.c.objc; path = main.m; sourceTree = "<group>"; };
		6D2954BA215D1DC0002B2ABE /* Movie.h */ = {isa = PBXFileReference; lastKnownFileType = sourcecode.c.h; path = Movie.h; sourceTree = "<group>"; };
		6D2954BB215D1DC0002B2ABE /* Movie.m */ = {isa = PBXFileReference; lastKnownFileType = sourcecode.c.objc; path = Movie.m; sourceTree = "<group>"; };
		6D2954CA215D433F002B2ABE /* MovieListViewController.h */ = {isa = PBXFileReference; lastKnownFileType = sourcecode.c.h; path = MovieListViewController.h; sourceTree = "<group>"; };
		6D2954CB215D433F002B2ABE /* MovieListViewController.m */ = {isa = PBXFileReference; lastKnownFileType = sourcecode.c.objc; path = MovieListViewController.m; sourceTree = "<group>"; };
		6D2954CD215DA20C002B2ABE /* MovieCellTableViewCell.h */ = {isa = PBXFileReference; lastKnownFileType = sourcecode.c.h; path = MovieCellTableViewCell.h; sourceTree = "<group>"; };
		6D2954CE215DA20C002B2ABE /* MovieCellTableViewCell.m */ = {isa = PBXFileReference; lastKnownFileType = sourcecode.c.objc; path = MovieCellTableViewCell.m; sourceTree = "<group>"; };
/* End PBXFileReference section */

/* Begin PBXFrameworksBuildPhase section */
		6D295498215D02D2002B2ABE /* Frameworks */ = {
			isa = PBXFrameworksBuildPhase;
			buildActionMask = 2147483647;
			files = (
				A1FC1A08CEBA236F7BFB7385 /* Pods_ObjCMsapps.framework in Frameworks */,
			);
			runOnlyForDeploymentPostprocessing = 0;
		};
/* End PBXFrameworksBuildPhase section */

/* Begin PBXGroup section */
		1A2106013616D9B44AD79B4A /* Frameworks */ = {
			isa = PBXGroup;
			children = (
				3C1182197F10179EA99359F3 /* Pods_ObjCMsapps.framework */,
			);
			name = Frameworks;
			sourceTree = "<group>";
		};
		6D295492215D02D2002B2ABE = {
			isa = PBXGroup;
			children = (
				6D29549D215D02D2002B2ABE /* ObjCMsapps */,
				6D29549C215D02D2002B2ABE /* Products */,
				ABD8B16BEA12103A61986A2B /* Pods */,
				1A2106013616D9B44AD79B4A /* Frameworks */,
			);
			sourceTree = "<group>";
		};
		6D29549C215D02D2002B2ABE /* Products */ = {
			isa = PBXGroup;
			children = (
				6D29549B215D02D2002B2ABE /* ObjCMsapps.app */,
			);
			name = Products;
			sourceTree = "<group>";
		};
		6D29549D215D02D2002B2ABE /* ObjCMsapps */ = {
			isa = PBXGroup;
			children = (
				6D2954C9215D4309002B2ABE /* MovieList */,
				6D2954BD215D1DCC002B2ABE /* MovieDataStructure */,
				6D2954B7215D096B002B2ABE /* SplashScreen */,
				6D29549E215D02D2002B2ABE /* AppDelegate.h */,
				6D29549F215D02D2002B2ABE /* AppDelegate.m */,
				6D2954A4215D02D2002B2ABE /* Main.storyboard */,
				6D2954AA215D02D2002B2ABE /* Assets.xcassets */,
				6D2954AC215D02D2002B2ABE /* LaunchScreen.storyboard */,
				6D2954AF215D02D2002B2ABE /* Info.plist */,
				6D2954B0215D02D2002B2ABE /* main.m */,
				6D2954A7215D02D2002B2ABE /* ObjCMsapps.xcdatamodeld */,
			);
			path = ObjCMsapps;
			sourceTree = "<group>";
		};
		6D2954B7215D096B002B2ABE /* SplashScreen */ = {
			isa = PBXGroup;
			children = (
				6D2954A1215D02D2002B2ABE /* ViewController.h */,
				6D2954A2215D02D2002B2ABE /* ViewController.m */,
			);
			path = SplashScreen;
			sourceTree = "<group>";
		};
		6D2954BD215D1DCC002B2ABE /* MovieDataStructure */ = {
			isa = PBXGroup;
			children = (
				6D2954BB215D1DC0002B2ABE /* Movie.m */,
				6D2954BA215D1DC0002B2ABE /* Movie.h */,
			);
			path = MovieDataStructure;
			sourceTree = "<group>";
		};
		6D2954C9215D4309002B2ABE /* MovieList */ = {
			isa = PBXGroup;
			children = (
				6D2954CA215D433F002B2ABE /* MovieListViewController.h */,
				6D2954CB215D433F002B2ABE /* MovieListViewController.m */,
				6D2954CD215DA20C002B2ABE /* MovieCellTableViewCell.h */,
				6D2954CE215DA20C002B2ABE /* MovieCellTableViewCell.m */,
			);
			name = MovieList;
			path = "New Group1";
			sourceTree = "<group>";
		};
		ABD8B16BEA12103A61986A2B /* Pods */ = {
			isa = PBXGroup;
			children = (
				1BB33D6B5FDC0421FDD41D72 /* Pods-ObjCMsapps.debug.xcconfig */,
				33CE44E8BCD45DE8896366C6 /* Pods-ObjCMsapps.release.xcconfig */,
			);
			name = Pods;
			sourceTree = "<group>";
		};
/* End PBXGroup section */

/* Begin PBXNativeTarget section */
		6D29549A215D02D2002B2ABE /* ObjCMsapps */ = {
			isa = PBXNativeTarget;
			buildConfigurationList = 6D2954B4215D02D2002B2ABE /* Build configuration list for PBXNativeTarget "ObjCMsapps" */;
			buildPhases = (
				F8FC85DCC4E9ACE6DDCA130D /* [CP] Check Pods Manifest.lock */,
				6D295497215D02D2002B2ABE /* Sources */,
				6D295498215D02D2002B2ABE /* Frameworks */,
				6D295499215D02D2002B2ABE /* Resources */,
				E3E56198280910A7D1AE5434 /* [CP] Embed Pods Frameworks */,
			);
			buildRules = (
			);
			dependencies = (
			);
			name = ObjCMsapps;
			productName = ObjCMsapps;
			productReference = 6D29549B215D02D2002B2ABE /* ObjCMsapps.app */;
			productType = "com.apple.product-type.application";
		};
/* End PBXNativeTarget section */

/* Begin PBXProject section */
		6D295493215D02D2002B2ABE /* Project object */ = {
			isa = PBXProject;
			attributes = {
				LastUpgradeCheck = 0900;
				ORGANIZATIONNAME = student.roey.honig;
				TargetAttributes = {
					6D29549A215D02D2002B2ABE = {
						CreatedOnToolsVersion = 9.0.1;
						ProvisioningStyle = Automatic;
					};
				};
			};
			buildConfigurationList = 6D295496215D02D2002B2ABE /* Build configuration list for PBXProject "ObjCMsapps" */;
			compatibilityVersion = "Xcode 8.0";
			developmentRegion = en;
			hasScannedForEncodings = 0;
			knownRegions = (
				en,
				Base,
			);
			mainGroup = 6D295492215D02D2002B2ABE;
			productRefGroup = 6D29549C215D02D2002B2ABE /* Products */;
			projectDirPath = "";
			projectRoot = "";
			targets = (
				6D29549A215D02D2002B2ABE /* ObjCMsapps */,
			);
		};
/* End PBXProject section */

/* Begin PBXResourcesBuildPhase section */
		6D295499215D02D2002B2ABE /* Resources */ = {
			isa = PBXResourcesBuildPhase;
			buildActionMask = 2147483647;
			files = (
				6D2954AE215D02D2002B2ABE /* LaunchScreen.storyboard in Resources */,
				6D2954AB215D02D2002B2ABE /* Assets.xcassets in Resources */,
				6D2954A6215D02D2002B2ABE /* Main.storyboard in Resources */,
			);
			runOnlyForDeploymentPostprocessing = 0;
		};
/* End PBXResourcesBuildPhase section */

/* Begin PBXShellScriptBuildPhase section */
		E3E56198280910A7D1AE5434 /* [CP] Embed Pods Frameworks */ = {
			isa = PBXShellScriptBuildPhase;
			buildActionMask = 2147483647;
			files = (
			);
			inputPaths = (
				"${SRCROOT}/Pods/Target Support Files/Pods-ObjCMsapps/Pods-ObjCMsapps-frameworks.sh",
				"${BUILT_PRODUCTS_DIR}/SDWebImage/SDWebImage.framework",
			);
			name = "[CP] Embed Pods Frameworks";
			outputPaths = (
				"${TARGET_BUILD_DIR}/${FRAMEWORKS_FOLDER_PATH}/SDWebImage.framework",
			);
			runOnlyForDeploymentPostprocessing = 0;
			shellPath = /bin/sh;
			shellScript = "\"${SRCROOT}/Pods/Target Support Files/Pods-ObjCMsapps/Pods-ObjCMsapps-frameworks.sh\"\n";
			showEnvVarsInLog = 0;
		};
		F8FC85DCC4E9ACE6DDCA130D /* [CP] Check Pods Manifest.lock */ = {
			isa = PBXShellScriptBuildPhase;
			buildActionMask = 2147483647;
			files = (
			);
			inputPaths = (
				"${PODS_PODFILE_DIR_PATH}/Podfile.lock",
				"${PODS_ROOT}/Manifest.lock",
			);
			name = "[CP] Check Pods Manifest.lock";
			outputPaths = (
				"$(DERIVED_FILE_DIR)/Pods-ObjCMsapps-checkManifestLockResult.txt",
			);
			runOnlyForDeploymentPostprocessing = 0;
			shellPath = /bin/sh;
			shellScript = "diff \"${PODS_PODFILE_DIR_PATH}/Podfile.lock\" \"${PODS_ROOT}/Manifest.lock\" > /dev/null\nif [ $? != 0 ] ; then\n    # print error to STDERR\n    echo \"error: The sandbox is not in sync with the Podfile.lock. Run 'pod install' or update your CocoaPods installation.\" >&2\n    exit 1\nfi\n# This output is used by Xcode 'outputs' to avoid re-running this script phase.\necho \"SUCCESS\" > \"${SCRIPT_OUTPUT_FILE_0}\"\n";
			showEnvVarsInLog = 0;
		};
/* End PBXShellScriptBuildPhase section */

/* Begin PBXSourcesBuildPhase section */
		6D295497215D02D2002B2ABE /* Sources */ = {
			isa = PBXSourcesBuildPhase;
			buildActionMask = 2147483647;
			files = (
				6D2954A3215D02D2002B2ABE /* ViewController.m in Sources */,
				6D2954CC215D433F002B2ABE /* MovieListViewController.m in Sources */,
				6D2954CF215DA20C002B2ABE /* MovieCellTableViewCell.m in Sources */,
				6D2954A0215D02D2002B2ABE /* AppDelegate.m in Sources */,
				6D2954BC215D1DC0002B2ABE /* Movie.m in Sources */,
				6D2954B1215D02D2002B2ABE /* main.m in Sources */,
				6D2954A9215D02D2002B2ABE /* ObjCMsapps.xcdatamodeld in Sources */,
			);
			runOnlyForDeploymentPostprocessing = 0;
		};
/* End PBXSourcesBuildPhase section */

/* Begin PBXVariantGroup section */
		6D2954A4215D02D2002B2ABE /* Main.storyboard */ = {
			isa = PBXVariantGroup;
			children = (
				6D2954A5215D02D2002B2ABE /* Base */,
			);
			name = Main.storyboard;
			sourceTree = "<group>";
		};
		6D2954AC215D02D2002B2ABE /* LaunchScreen.storyboard */ = {
			isa = PBXVariantGroup;
			children = (
				6D2954AD215D02D2002B2ABE /* Base */,
			);
			name = LaunchScreen.storyboard;
			sourceTree = "<group>";
		};
/* End PBXVariantGroup section */

/* Begin XCBuildConfiguration section */
		6D2954B2215D02D2002B2ABE /* Debug */ = {
			isa = XCBuildConfiguration;
			buildSettings = {
				ALWAYS_SEARCH_USER_PATHS = NO;
				CLANG_ANALYZER_NONNULL = YES;
				CLANG_ANALYZER_NUMBER_OBJECT_CONVERSION = YES_AGGRESSIVE;
				CLANG_CXX_LANGUAGE_STANDARD = "gnu++14";
				CLANG_CXX_LIBRARY = "libc++";
				CLANG_ENABLE_MODULES = YES;
				CLANG_ENABLE_OBJC_ARC = YES;
				CLANG_WARN_BLOCK_CAPTURE_AUTORELEASING = YES;
				CLANG_WARN_BOOL_CONVERSION = YES;
				CLANG_WARN_COMMA = YES;
				CLANG_WARN_CONSTANT_CONVERSION = YES;
				CLANG_WARN_DIRECT_OBJC_ISA_USAGE = YES_ERROR;
				CLANG_WARN_DOCUMENTATION_COMMENTS = YES;
				CLANG_WARN_EMPTY_BODY = YES;
				CLANG_WARN_ENUM_CONVERSION = YES;
				CLANG_WARN_INFINITE_RECURSION = YES;
				CLANG_WARN_INT_CONVERSION = YES;
				CLANG_WARN_NON_LITERAL_NULL_CONVERSION = YES;
				CLANG_WARN_OBJC_LITERAL_CONVERSION = YES;
				CLANG_WARN_OBJC_ROOT_CLASS = YES_ERROR;
				CLANG_WARN_RANGE_LOOP_ANALYSIS = YES;
				CLANG_WARN_STRICT_PROTOTYPES = YES;
				CLANG_WARN_SUSPICIOUS_MOVE = YES;
				CLANG_WARN_UNGUARDED_AVAILABILITY = YES_AGGRESSIVE;
				CLANG_WARN_UNREACHABLE_CODE = YES;
				CLANG_WARN__DUPLICATE_METHOD_MATCH = YES;
				CODE_SIGN_IDENTITY = "iPhone Developer";
				COPY_PHASE_STRIP = NO;
				DEBUG_INFORMATION_FORMAT = dwarf;
				ENABLE_STRICT_OBJC_MSGSEND = YES;
				ENABLE_TESTABILITY = YES;
				GCC_C_LANGUAGE_STANDARD = gnu11;
				GCC_DYNAMIC_NO_PIC = NO;
				GCC_NO_COMMON_BLOCKS = YES;
				GCC_OPTIMIZATION_LEVEL = 0;
				GCC_PREPROCESSOR_DEFINITIONS = (
					"DEBUG=1",
					"$(inherited)",
				);
				GCC_WARN_64_TO_32_BIT_CONVERSION = YES;
				GCC_WARN_ABOUT_RETURN_TYPE = YES_ERROR;
				GCC_WARN_UNDECLARED_SELECTOR = YES;
				GCC_WARN_UNINITIALIZED_AUTOS = YES_AGGRESSIVE;
				GCC_WARN_UNUSED_FUNCTION = YES;
				GCC_WARN_UNUSED_VARIABLE = YES;
				IPHONEOS_DEPLOYMENT_TARGET = 11.0;
				MTL_ENABLE_DEBUG_INFO = YES;
				ONLY_ACTIVE_ARCH = YES;
				SDKROOT = iphoneos;
			};
			name = Debug;
		};
		6D2954B3215D02D2002B2ABE /* Release */ = {
			isa = XCBuildConfiguration;
			buildSettings = {
				ALWAYS_SEARCH_USER_PATHS = NO;
				CLANG_ANALYZER_NONNULL = YES;
				CLANG_ANALYZER_NUMBER_OBJECT_CONVERSION = YES_AGGRESSIVE;
				CLANG_CXX_LANGUAGE_STANDARD = "gnu++14";
				CLANG_CXX_LIBRARY = "libc++";
				CLANG_ENABLE_MODULES = YES;
				CLANG_ENABLE_OBJC_ARC = YES;
				CLANG_WARN_BLOCK_CAPTURE_AUTORELEASING = YES;
				CLANG_WARN_BOOL_CONVERSION = YES;
				CLANG_WARN_COMMA = YES;
				CLANG_WARN_CONSTANT_CONVERSION = YES;
				CLANG_WARN_DIRECT_OBJC_ISA_USAGE = YES_ERROR;
				CLANG_WARN_DOCUMENTATION_COMMENTS = YES;
				CLANG_WARN_EMPTY_BODY = YES;
				CLANG_WARN_ENUM_CONVERSION = YES;
				CLANG_WARN_INFINITE_RECURSION = YES;
				CLANG_WARN_INT_CONVERSION = YES;
				CLANG_WARN_NON_LITERAL_NULL_CONVERSION = YES;
				CLANG_WARN_OBJC_LITERAL_CONVERSION = YES;
				CLANG_WARN_OBJC_ROOT_CLASS = YES_ERROR;
				CLANG_WARN_RANGE_LOOP_ANALYSIS = YES;
				CLANG_WARN_STRICT_PROTOTYPES = YES;
				CLANG_WARN_SUSPICIOUS_MOVE = YES;
				CLANG_WARN_UNGUARDED_AVAILABILITY = YES_AGGRESSIVE;
				CLANG_WARN_UNREACHABLE_CODE = YES;
				CLANG_WARN__DUPLICATE_METHOD_MATCH = YES;
				CODE_SIGN_IDENTITY = "iPhone Developer";
				COPY_PHASE_STRIP = NO;
				DEBUG_INFORMATION_FORMAT = "dwarf-with-dsym";
				ENABLE_NS_ASSERTIONS = NO;
				ENABLE_STRICT_OBJC_MSGSEND = YES;
				GCC_C_LANGUAGE_STANDARD = gnu11;
				GCC_NO_COMMON_BLOCKS = YES;
				GCC_WARN_64_TO_32_BIT_CONVERSION = YES;
				GCC_WARN_ABOUT_RETURN_TYPE = YES_ERROR;
				GCC_WARN_UNDECLARED_SELECTOR = YES;
				GCC_WARN_UNINITIALIZED_AUTOS = YES_AGGRESSIVE;
				GCC_WARN_UNUSED_FUNCTION = YES;
				GCC_WARN_UNUSED_VARIABLE = YES;
				IPHONEOS_DEPLOYMENT_TARGET = 11.0;
				MTL_ENABLE_DEBUG_INFO = NO;
				SDKROOT = iphoneos;
				VALIDATE_PRODUCT = YES;
			};
			name = Release;
		};
		6D2954B5215D02D2002B2ABE /* Debug */ = {
			isa = XCBuildConfiguration;
			baseConfigurationReference = 1BB33D6B5FDC0421FDD41D72 /* Pods-ObjCMsapps.debug.xcconfig */;
			buildSettings = {
				ASSETCATALOG_COMPILER_APPICON_NAME = AppIcon;
				CODE_SIGN_STYLE = Automatic;
				DEVELOPMENT_TEAM = GA3LC47ZM3;
				INFOPLIST_FILE = ObjCMsapps/Info.plist;
				LD_RUNPATH_SEARCH_PATHS = "$(inherited) @executable_path/Frameworks";
				PRODUCT_BUNDLE_IDENTIFIER = student.roey.honig.ObjCMsapps;
				PRODUCT_NAME = "$(TARGET_NAME)";
				TARGETED_DEVICE_FAMILY = "1,2";
			};
			name = Debug;
		};
		6D2954B6215D02D2002B2ABE /* Release */ = {
			isa = XCBuildConfiguration;
			baseConfigurationReference = 33CE44E8BCD45DE8896366C6 /* Pods-ObjCMsapps.release.xcconfig */;
			buildSettings = {
				ASSETCATALOG_COMPILER_APPICON_NAME = AppIcon;
				CODE_SIGN_STYLE = Automatic;
				DEVELOPMENT_TEAM = GA3LC47ZM3;
				INFOPLIST_FILE = ObjCMsapps/Info.plist;
				LD_RUNPATH_SEARCH_PATHS = "$(inherited) @executable_path/Frameworks";
				PRODUCT_BUNDLE_IDENTIFIER = student.roey.honig.ObjCMsapps;
				PRODUCT_NAME = "$(TARGET_NAME)";
				TARGETED_DEVICE_FAMILY = "1,2";
			};
			name = Release;
		};
/* End XCBuildConfiguration section */

/* Begin XCConfigurationList section */
		6D295496215D02D2002B2ABE /* Build configuration list for PBXProject "ObjCMsapps" */ = {
			isa = XCConfigurationList;
			buildConfigurations = (
				6D2954B2215D02D2002B2ABE /* Debug */,
				6D2954B3215D02D2002B2ABE /* Release */,
			);
			defaultConfigurationIsVisible = 0;
			defaultConfigurationName = Release;
		};
		6D2954B4215D02D2002B2ABE /* Build configuration list for PBXNativeTarget "ObjCMsapps" */ = {
			isa = XCConfigurationList;
			buildConfigurations = (
				6D2954B5215D02D2002B2ABE /* Debug */,
				6D2954B6215D02D2002B2ABE /* Release */,
			);
			defaultConfigurationIsVisible = 0;
			defaultConfigurationName = Release;
		};
/* End XCConfigurationList section */

/* Begin XCVersionGroup section */
		6D2954A7215D02D2002B2ABE /* ObjCMsapps.xcdatamodeld */ = {
			isa = XCVersionGroup;
			children = (
				6D2954A8215D02D2002B2ABE /* ObjCMsapps.xcdatamodel */,
			);
			currentVersion = 6D2954A8215D02D2002B2ABE /* ObjCMsapps.xcdatamodel */;
			path = ObjCMsapps.xcdatamodeld;
			sourceTree = "<group>";
			versionGroupType = wrapper.xcdatamodel;
		};
/* End XCVersionGroup section */
	};
	rootObject = 6D295493215D02D2002B2ABE /* Project object */;
}
